lockfileVersion: '9.0'

settings:
  autoInstallPeers: true
  excludeLinksFromLockfile: false

importers:

  .:
    dependencies:
      '@tanstack/react-query':
        specifier: ^5.76.1
        version: 5.76.1(react@19.1.0)

packages:

  '@tanstack/query-core@5.76.0':
    resolution: {integrity: sha512-FN375hb8ctzfNAlex5gHI6+WDXTNpe0nbxp/d2YJtnP+IBM6OUm7zcaoCW6T63BawGOYZBbKC0iPvr41TteNVg==}

  '@tanstack/react-query@5.76.1':
    resolution: {integrity: sha512-YxdLZVGN4QkT5YT1HKZQWiIlcgauIXEIsMOTSjvyD5wLYK8YVvKZUPAysMqossFJJfDpJW3pFn7WNZuPOqq+fw==}
    peerDependencies:
      react: ^18 || ^19

  react@19.1.0:
    resolution: {integrity: sha512-FS+XFBNvn3GTAWq26joslQgWNoFu08F4kl0J4CgdNKADkdSGXQyTCnKteIAJy96Br6YbpEU1LSzV5dYtjMkMDg==}
    engines: {node: '>=0.10.0'}

snapshots:

  '@tanstack/query-core@5.76.0': {}

  '@tanstack/react-query@5.76.1(react@19.1.0)':
    dependencies:
      '@tanstack/query-core': 5.76.0
      react: 19.1.0

  react@19.1.0: {}
