lockfileVersion: '9.0'

settings:
  autoInstallPeers: true
  excludeLinksFromLockfile: false

importers:

  .:
    dependencies:
      '@tanstack/react-query':
        specifier: ^5.76.1
        version: 5.76.1(react@19.1.0)
      react-responsive:
        specifier: ^10.0.1
        version: 10.0.1(react@19.1.0)

packages:

  '@tanstack/query-core@5.76.0':
    resolution: {integrity: sha512-FN375hb8ctzfNAlex5gHI6+WDXTNpe0nbxp/d2YJtnP+IBM6OUm7zcaoCW6T63BawGOYZBbKC0iPvr41TteNVg==}

  '@tanstack/react-query@5.76.1':
    resolution: {integrity: sha512-YxdLZVGN4QkT5YT1HKZQWiIlcgauIXEIsMOTSjvyD5wLYK8YVvKZUPAysMqossFJJfDpJW3pFn7WNZuPOqq+fw==}
    peerDependencies:
      react: ^18 || ^19

  css-mediaquery@0.1.2:
    resolution: {integrity: sha512-COtn4EROW5dBGlE/4PiKnh6rZpAPxDeFLaEEwt4i10jpDMFt2EhQGS79QmmrO+iKCHv0PU/HrOWEhijFd1x99Q==}

  hyphenate-style-name@1.1.0:
    resolution: {integrity: sha512-WDC/ui2VVRrz3jOVi+XtjqkDjiVjTtFaAGiW37k6b+ohyQ5wYDOGkvCZa8+H0nx3gyvv0+BST9xuOgIyGQ00gw==}

  js-tokens@4.0.0:
    resolution: {integrity: sha512-RdJUflcE3cUzKiMqQgsCu06FPu9UdIJO0beYbPhHN4k6apgJtifcoCtT9bcxOpYBtpD2kCM6Sbzg4CausW/PKQ==}

  loose-envify@1.4.0:
    resolution: {integrity: sha512-lyuxPGr/Wfhrlem2CL/UcnUc1zcqKAImBDzukY7Y5F/yQiNdko6+fRLevlw1HgMySw7f611UIY408EtxRSoK3Q==}
    hasBin: true

  matchmediaquery@0.4.2:
    resolution: {integrity: sha512-wrZpoT50ehYOudhDjt/YvUJc6eUzcdFPdmbizfgvswCKNHD1/OBOHYJpHie+HXpu6bSkEGieFMYk6VuutaiRfA==}

  object-assign@4.1.1:
    resolution: {integrity: sha512-rJgTQnkUnH1sFw8yT6VSU3zD3sWmu6sZhIseY8VX+GRu3P6F7Fu+JNDoXfklElbLJSnc3FUQHVe4cU5hj+BcUg==}
    engines: {node: '>=0.10.0'}

  prop-types@15.8.1:
    resolution: {integrity: sha512-oj87CgZICdulUohogVAR7AjlC0327U4el4L6eAvOqCeudMDVU0NThNaV+b9Df4dXgSP1gXMTnPdhfe/2qDH5cg==}

  react-is@16.13.1:
    resolution: {integrity: sha512-24e6ynE2H+OKt4kqsOvNd8kBpV65zoxbA4BVsEOB3ARVWQki/DHzaUoC5KuON/BiccDaCCTZBuOcfZs70kR8bQ==}

  react-responsive@10.0.1:
    resolution: {integrity: sha512-OM5/cRvbtUWEX8le8RCT8scA8y2OPtb0Q/IViEyCEM5FBN8lRrkUOZnu87I88A6njxDldvxG+rLBxWiA7/UM9g==}
    engines: {node: '>=14'}
    peerDependencies:
      react: '>=16.8.0'

  react@19.1.0:
    resolution: {integrity: sha512-FS+XFBNvn3GTAWq26joslQgWNoFu08F4kl0J4CgdNKADkdSGXQyTCnKteIAJy96Br6YbpEU1LSzV5dYtjMkMDg==}
    engines: {node: '>=0.10.0'}

  shallow-equal@3.1.0:
    resolution: {integrity: sha512-pfVOw8QZIXpMbhBWvzBISicvToTiM5WBF1EeAUZDDSb5Dt29yl4AYbyywbJFSEsRUMr7gJaxqCdr4L3tQf9wVg==}

snapshots:

  '@tanstack/query-core@5.76.0': {}

  '@tanstack/react-query@5.76.1(react@19.1.0)':
    dependencies:
      '@tanstack/query-core': 5.76.0
      react: 19.1.0

  css-mediaquery@0.1.2: {}

  hyphenate-style-name@1.1.0: {}

  js-tokens@4.0.0: {}

  loose-envify@1.4.0:
    dependencies:
      js-tokens: 4.0.0

  matchmediaquery@0.4.2:
    dependencies:
      css-mediaquery: 0.1.2

  object-assign@4.1.1: {}

  prop-types@15.8.1:
    dependencies:
      loose-envify: 1.4.0
      object-assign: 4.1.1
      react-is: 16.13.1

  react-is@16.13.1: {}

  react-responsive@10.0.1(react@19.1.0):
    dependencies:
      hyphenate-style-name: 1.1.0
      matchmediaquery: 0.4.2
      prop-types: 15.8.1
      react: 19.1.0
      shallow-equal: 3.1.0

  react@19.1.0: {}

  shallow-equal@3.1.0: {}
